
Microsoft Visual Studio Solution File, Format Version 12.00
# Visual Studio Version 17
VisualStudioVersion = 17.5.002.0
MinimumVisualStudioVersion = 10.0.40219.1
Project("{9A19103F-16F7-4668-BE54-9A1E7A4F7556}") = "SilverlightWCFRIA.Browser", "SilverlightWCFRIA.Browser.csproj", "{C71FBB9E-1EAD-4B2D-A01E-E9A036AA3155}"
EndProject
Global
	GlobalSection(SolutionConfigurationPlatforms) = preSolution
		Debug|Any CPU = Debug|Any CPU
		Release|Any CPU = Release|Any CPU
	EndGlobalSection
	GlobalSection(ProjectConfigurationPlatforms) = postSolution
		{C71FBB9E-1EAD-4B2D-A01E-E9A036AA3155}.Debug|Any CPU.ActiveCfg = Debug|Any CPU
		{C71FBB9E-1EAD-4B2D-A01E-E9A036AA3155}.Debug|Any CPU.Build.0 = Debug|Any CPU
		{C71FBB9E-1EAD-4B2D-A01E-E9A036AA3155}.Release|Any CPU.ActiveCfg = Release|Any CPU
		{C71FBB9E-1EAD-4B2D-A01E-E9A036AA3155}.Release|Any CPU.Build.0 = Release|Any CPU
	EndGlobalSection
	GlobalSection(SolutionProperties) = preSolution
		HideSolutionNode = FALSE
	EndGlobalSection
	GlobalSection(ExtensibilityGlobals) = postSolution
		SolutionGuid = {17D6454F-3E9E-4EC4-BBD7-C1B352227C2A}
	EndGlobalSection
EndGlobal
